
Microsoft Visual Studio Solution File, Format Version 12.00
# Visual Studio 15
VisualStudioVersion = 15.0.28307.136
MinimumVisualStudioVersion = 10.0.40219.1
Project("{8BC9CEB8-8B4A-11D0-8D11-00A0C91BC942}") = "HolaMundo", "HolaMundo\HolaMundo.vcxproj", "{05F1BE8F-EBC9-4A5B-80B3-2BFE8CD0785E}"
EndProject
Global
	GlobalSection(SolutionConfigurationPlatforms) = preSolution
		Debug|x64 = Debug|x64
		Debug|x86 = Debug|x86
		DebugDoubleDLL|x64 = DebugDoubleDLL|x64
		DebugDoubleDLL|x86 = DebugDoubleDLL|x86
		DebugDoubleLib|x64 = DebugDoubleLib|x64
		DebugDoubleLib|x86 = DebugDoubleLib|x86
		DebugSingleDLL|x64 = DebugSingleDLL|x64
		DebugSingleDLL|x86 = DebugSingleDLL|x86
		DebugSingleLib|x64 = DebugSingleLib|x64
		DebugSingleLib|x86 = DebugSingleLib|x86
		Release|x64 = Release|x64
		Release|x86 = Release|x86
		ReleaseDoubleDLL|x64 = ReleaseDoubleDLL|x64
		ReleaseDoubleDLL|x86 = ReleaseDoubleDLL|x86
		ReleaseDoubleLib|x64 = ReleaseDoubleLib|x64
		ReleaseDoubleLib|x86 = ReleaseDoubleLib|x86
		ReleaseSingleDLL|x64 = ReleaseSingleDLL|x64
		ReleaseSingleDLL|x86 = ReleaseSingleDLL|x86
		ReleaseSingleLib|x64 = ReleaseSingleLib|x64
		ReleaseSingleLib|x86 = ReleaseSingleLib|x86
	EndGlobalSection
	GlobalSection(ProjectConfigurationPlatforms) = postSolution
		{05F1BE8F-EBC9-4A5B-80B3-2BFE8CD0785E}.Debug|x64.ActiveCfg = Debug|x64
		{05F1BE8F-EBC9-4A5B-80B3-2BFE8CD0785E}.Debug|x64.Build.0 = Debug|x64
		{05F1BE8F-EBC9-4A5B-80B3-2BFE8CD0785E}.Debug|x86.ActiveCfg = Debug|Win32
		{05F1BE8F-EBC9-4A5B-80B3-2BFE8CD0785E}.Debug|x86.Build.0 = Debug|Win32
		{05F1BE8F-EBC9-4A5B-80B3-2BFE8CD0785E}.DebugDoubleDLL|x64.ActiveCfg = Debug|x64
		{05F1BE8F-EBC9-4A5B-80B3-2BFE8CD0785E}.DebugDoubleDLL|x64.Build.0 = Debug|x64
		{05F1BE8F-EBC9-4A5B-80B3-2BFE8CD0785E}.DebugDoubleDLL|x86.ActiveCfg = Debug|Win32
		{05F1BE8F-EBC9-4A5B-80B3-2BFE8CD0785E}.DebugDoubleDLL|x86.Build.0 = Debug|Win32
		{05F1BE8F-EBC9-4A5B-80B3-2BFE8CD0785E}.DebugDoubleLib|x64.ActiveCfg = Debug|x64
		{05F1BE8F-EBC9-4A5B-80B3-2BFE8CD0785E}.DebugDoubleLib|x64.Build.0 = Debug|x64
		{05F1BE8F-EBC9-4A5B-80B3-2BFE8CD0785E}.DebugDoubleLib|x86.ActiveCfg = Debug|Win32
		{05F1BE8F-EBC9-4A5B-80B3-2BFE8CD0785E}.DebugDoubleLib|x86.Build.0 = Debug|Win32
		{05F1BE8F-EBC9-4A5B-80B3-2BFE8CD0785E}.DebugSingleDLL|x64.ActiveCfg = Debug|x64
		{05F1BE8F-EBC9-4A5B-80B3-2BFE8CD0785E}.DebugSingleDLL|x64.Build.0 = Debug|x64
		{05F1BE8F-EBC9-4A5B-80B3-2BFE8CD0785E}.DebugSingleDLL|x86.ActiveCfg = Debug|Win32
		{05F1BE8F-EBC9-4A5B-80B3-2BFE8CD0785E}.DebugSingleDLL|x86.Build.0 = Debug|Win32
		{05F1BE8F-EBC9-4A5B-80B3-2BFE8CD0785E}.DebugSingleLib|x64.ActiveCfg = Debug|x64
		{05F1BE8F-EBC9-4A5B-80B3-2BFE8CD0785E}.DebugSingleLib|x64.Build.0 = Debug|x64
		{05F1BE8F-EBC9-4A5B-80B3-2BFE8CD0785E}.DebugSingleLib|x86.ActiveCfg = Debug|Win32
		{05F1BE8F-EBC9-4A5B-80B3-2BFE8CD0785E}.DebugSingleLib|x86.Build.0 = Debug|Win32
		{05F1BE8F-EBC9-4A5B-80B3-2BFE8CD0785E}.Release|x64.ActiveCfg = Release|x64
		{05F1BE8F-EBC9-4A5B-80B3-2BFE8CD0785E}.Release|x64.Build.0 = Release|x64
		{05F1BE8F-EBC9-4A5B-80B3-2BFE8CD0785E}.Release|x86.ActiveCfg = Release|Win32
		{05F1BE8F-EBC9-4A5B-80B3-2BFE8CD0785E}.Release|x86.Build.0 = Release|Win32
		{05F1BE8F-EBC9-4A5B-80B3-2BFE8CD0785E}.ReleaseDoubleDLL|x64.ActiveCfg = Release|x64
		{05F1BE8F-EBC9-4A5B-80B3-2BFE8CD0785E}.ReleaseDoubleDLL|x64.Build.0 = Release|x64
		{05F1BE8F-EBC9-4A5B-80B3-2BFE8CD0785E}.ReleaseDoubleDLL|x86.ActiveCfg = Release|Win32
		{05F1BE8F-EBC9-4A5B-80B3-2BFE8CD0785E}.ReleaseDoubleDLL|x86.Build.0 = Release|Win32
		{05F1BE8F-EBC9-4A5B-80B3-2BFE8CD0785E}.ReleaseDoubleLib|x64.ActiveCfg = Release|x64
		{05F1BE8F-EBC9-4A5B-80B3-2BFE8CD0785E}.ReleaseDoubleLib|x64.Build.0 = Release|x64
		{05F1BE8F-EBC9-4A5B-80B3-2BFE8CD0785E}.ReleaseDoubleLib|x86.ActiveCfg = Release|Win32
		{05F1BE8F-EBC9-4A5B-80B3-2BFE8CD0785E}.ReleaseDoubleLib|x86.Build.0 = Release|Win32
		{05F1BE8F-EBC9-4A5B-80B3-2BFE8CD0785E}.ReleaseSingleDLL|x64.ActiveCfg = Release|x64
		{05F1BE8F-EBC9-4A5B-80B3-2BFE8CD0785E}.ReleaseSingleDLL|x64.Build.0 = Release|x64
		{05F1BE8F-EBC9-4A5B-80B3-2BFE8CD0785E}.ReleaseSingleDLL|x86.ActiveCfg = Release|Win32
		{05F1BE8F-EBC9-4A5B-80B3-2BFE8CD0785E}.ReleaseSingleDLL|x86.Build.0 = Release|Win32
		{05F1BE8F-EBC9-4A5B-80B3-2BFE8CD0785E}.ReleaseSingleLib|x64.ActiveCfg = Release|x64
		{05F1BE8F-EBC9-4A5B-80B3-2BFE8CD0785E}.ReleaseSingleLib|x64.Build.0 = Release|x64
		{05F1BE8F-EBC9-4A5B-80B3-2BFE8CD0785E}.ReleaseSingleLib|x86.ActiveCfg = Release|Win32
		{05F1BE8F-EBC9-4A5B-80B3-2BFE8CD0785E}.ReleaseSingleLib|x86.Build.0 = Release|Win32
	EndGlobalSection
	GlobalSection(SolutionProperties) = preSolution
		HideSolutionNode = FALSE
	EndGlobalSection
	GlobalSection(ExtensibilityGlobals) = postSolution
		SolutionGuid = {F4F9B04A-57E4-4343-8169-610F6E377B5A}
	EndGlobalSection
EndGlobal
